
Microsoft Visual Studio Solution File, Format Version 12.00
# Visual Studio Version 16
VisualStudioVersion = 16.0.31624.102
MinimumVisualStudioVersion = 10.0.40219.1
Project("{FAE04EC0-301F-11D3-BF4B-00C04F79EFBC}") = "Desafios Introdutórios com .NET", "Desafios Introdutórios com .NET\Desafios Introdutórios com .NET.csproj", "{C48BE891-F99F-4AE3-92F1-6E8F9286B409}"
EndProject
Global
	GlobalSection(SolutionConfigurationPlatforms) = preSolution
		Debug|Any CPU = Debug|Any CPU
		Release|Any CPU = Release|Any CPU
	EndGlobalSection
	GlobalSection(ProjectConfigurationPlatforms) = postSolution
		{C48BE891-F99F-4AE3-92F1-6E8F9286B409}.Debug|Any CPU.ActiveCfg = Debug|Any CPU
		{C48BE891-F99F-4AE3-92F1-6E8F9286B409}.Debug|Any CPU.Build.0 = Debug|Any CPU
		{C48BE891-F99F-4AE3-92F1-6E8F9286B409}.Release|Any CPU.ActiveCfg = Release|Any CPU
		{C48BE891-F99F-4AE3-92F1-6E8F9286B409}.Release|Any CPU.Build.0 = Release|Any CPU
	EndGlobalSection
	GlobalSection(SolutionProperties) = preSolution
		HideSolutionNode = FALSE
	EndGlobalSection
	GlobalSection(ExtensibilityGlobals) = postSolution
		SolutionGuid = {0576F43E-FD29-49EF-98F2-A67B7067A54D}
	EndGlobalSection
EndGlobal
